
Microsoft Visual Studio Solution File, Format Version 12.00
# Visual Studio Version 17
VisualStudioVersion = 17.7.34202.233
MinimumVisualStudioVersion = 10.0.40219.1
Project("{888888A0-9F3D-457C-B088-3A5042F75D52}") = "class_stack_program", "class_stack_program\class_stack_program.pyproj", "{EB3693F7-6F06-45E7-AB17-0872B989F920}"
EndProject
Global
	GlobalSection(SolutionConfigurationPlatforms) = preSolution
		Debug|Any CPU = Debug|Any CPU
		Release|Any CPU = Release|Any CPU
	EndGlobalSection
	GlobalSection(ProjectConfigurationPlatforms) = postSolution
		{EB3693F7-6F06-45E7-AB17-0872B989F920}.Debug|Any CPU.ActiveCfg = Debug|Any CPU
		{EB3693F7-6F06-45E7-AB17-0872B989F920}.Release|Any CPU.ActiveCfg = Release|Any CPU
	EndGlobalSection
	GlobalSection(SolutionProperties) = preSolution
		HideSolutionNode = FALSE
	EndGlobalSection
	GlobalSection(ExtensibilityGlobals) = postSolution
		SolutionGuid = {17EA64F2-0006-4F9B-A3CB-BE378EF7B949}
	EndGlobalSection
EndGlobal
